
Microsoft Visual Studio Solution File, Format Version 12.00
# Visual Studio Version 16
VisualStudioVersion = 16.0.29613.14
MinimumVisualStudioVersion = 10.0.40219.1
Project("{9A19103F-16F7-4668-BE54-9A1E7A4F7556}") = "Diabetes", "Diabetes\Diabetes\Diabetes.csproj", "{291BBDC0-524B-472E-8065-8F2AB464E69F}"
EndProject
Project("{FAE04EC0-301F-11D3-BF4B-00C04F79EFBC}") = "Diabetes.Android", "Diabetes\Diabetes.Android\Diabetes.Android.csproj", "{5045E231-72E2-4F1D-8CDE-B7EFA96E8B70}"
EndProject
Project("{FAE04EC0-301F-11D3-BF4B-00C04F79EFBC}") = "Diabetes.iOS", "Diabetes\Diabetes.iOS\Diabetes.iOS.csproj", "{907C46F3-627E-4446-B141-A6D86DF917DD}"
EndProject
Project("{FAE04EC0-301F-11D3-BF4B-00C04F79EFBC}") = "Diabetes.UWP", "Diabetes\Diabetes.UWP\Diabetes.UWP.csproj", "{79A1C419-F2D2-4847-B004-5C5382462E7C}"
EndProject
Project("{9A19103F-16F7-4668-BE54-9A1E7A4F7556}") = "BloodSugarTest", "BloodSugarTest\BloodSugarTest.csproj", "{72843BEC-3FCF-4803-B56C-3D732F1CD703}"
EndProject
Global
	GlobalSection(SolutionConfigurationPlatforms) = preSolution
		Ad-Hoc|Any CPU = Ad-Hoc|Any CPU
		Ad-Hoc|ARM = Ad-Hoc|ARM
		Ad-Hoc|iPhone = Ad-Hoc|iPhone
		Ad-Hoc|iPhoneSimulator = Ad-Hoc|iPhoneSimulator
		Ad-Hoc|x64 = Ad-Hoc|x64
		Ad-Hoc|x86 = Ad-Hoc|x86
		AppStore|Any CPU = AppStore|Any CPU
		AppStore|ARM = AppStore|ARM
		AppStore|iPhone = AppStore|iPhone
		AppStore|iPhoneSimulator = AppStore|iPhoneSimulator
		AppStore|x64 = AppStore|x64
		AppStore|x86 = AppStore|x86
		Debug|Any CPU = Debug|Any CPU
		Debug|ARM = Debug|ARM
		Debug|iPhone = Debug|iPhone
		Debug|iPhoneSimulator = Debug|iPhoneSimulator
		Debug|x64 = Debug|x64
		Debug|x86 = Debug|x86
		Release|Any CPU = Release|Any CPU
		Release|ARM = Release|ARM
		Release|iPhone = Release|iPhone
		Release|iPhoneSimulator = Release|iPhoneSimulator
		Release|x64 = Release|x64
		Release|x86 = Release|x86
	EndGlobalSection
	GlobalSection(ProjectConfigurationPlatforms) = postSolution
		{291BBDC0-524B-472E-8065-8F2AB464E69F}.Ad-Hoc|Any CPU.ActiveCfg = Debug|Any CPU
		{291BBDC0-524B-472E-8065-8F2AB464E69F}.Ad-Hoc|Any CPU.Build.0 = Debug|Any CPU
		{291BBDC0-524B-472E-8065-8F2AB464E69F}.Ad-Hoc|ARM.ActiveCfg = Debug|Any CPU
		{291BBDC0-524B-472E-8065-8F2AB464E69F}.Ad-Hoc|ARM.Build.0 = Debug|Any CPU
		{291BBDC0-524B-472E-8065-8F2AB464E69F}.Ad-Hoc|iPhone.ActiveCfg = Debug|Any CPU
		{291BBDC0-524B-472E-8065-8F2AB464E69F}.Ad-Hoc|iPhone.Build.0 = Debug|Any CPU
		{291BBDC0-524B-472E-8065-8F2AB464E69F}.Ad-Hoc|iPhoneSimulator.ActiveCfg = Debug|Any CPU
		{291BBDC0-524B-472E-8065-8F2AB464E69F}.Ad-Hoc|iPhoneSimulator.Build.0 = Debug|Any CPU
		{291BBDC0-524B-472E-8065-8F2AB464E69F}.Ad-Hoc|x64.ActiveCfg = Debug|Any CPU
		{291BBDC0-524B-472E-8065-8F2AB464E69F}.Ad-Hoc|x64.Build.0 = Debug|Any CPU
		{291BBDC0-524B-472E-8065-8F2AB464E69F}.Ad-Hoc|x86.ActiveCfg = Debug|Any CPU
		{291BBDC0-524B-472E-8065-8F2AB464E69F}.Ad-Hoc|x86.Build.0 = Debug|Any CPU
		{291BBDC0-524B-472E-8065-8F2AB464E69F}.AppStore|Any CPU.ActiveCfg = Debug|Any CPU
		{291BBDC0-524B-472E-8065-8F2AB464E69F}.AppStore|Any CPU.Build.0 = Debug|Any CPU
		{291BBDC0-524B-472E-8065-8F2AB464E69F}.AppStore|ARM.ActiveCfg = Debug|Any CPU
		{291BBDC0-524B-472E-8065-8F2AB464E69F}.AppStore|ARM.Build.0 = Debug|Any CPU
		{291BBDC0-524B-472E-8065-8F2AB464E69F}.AppStore|iPhone.ActiveCfg = Debug|Any CPU
		{291BBDC0-524B-472E-8065-8F2AB464E69F}.AppStore|iPhone.Build.0 = Debug|Any CPU
		{291BBDC0-524B-472E-8065-8F2AB464E69F}.AppStore|iPhoneSimulator.ActiveCfg = Debug|Any CPU
		{291BBDC0-524B-472E-8065-8F2AB464E69F}.AppStore|iPhoneSimulator.Build.0 = Debug|Any CPU
		{291BBDC0-524B-472E-8065-8F2AB464E69F}.AppStore|x64.ActiveCfg = Debug|Any CPU
		{291BBDC0-524B-472E-8065-8F2AB464E69F}.AppStore|x64.Build.0 = Debug|Any CPU
		{291BBDC0-524B-472E-8065-8F2AB464E69F}.AppStore|x86.ActiveCfg = Debug|Any CPU
		{291BBDC0-524B-472E-8065-8F2AB464E69F}.AppStore|x86.Build.0 = Debug|Any CPU
		{291BBDC0-524B-472E-8065-8F2AB464E69F}.Debug|Any CPU.ActiveCfg = Debug|Any CPU
		{291BBDC0-524B-472E-8065-8F2AB464E69F}.Debug|Any CPU.Build.0 = Debug|Any CPU
		{291BBDC0-524B-472E-8065-8F2AB464E69F}.Debug|ARM.ActiveCfg = Debug|Any CPU
		{291BBDC0-524B-472E-8065-8F2AB464E69F}.Debug|ARM.Build.0 = Debug|Any CPU
		{291BBDC0-524B-472E-8065-8F2AB464E69F}.Debug|iPhone.ActiveCfg = Debug|Any CPU
		{291BBDC0-524B-472E-8065-8F2AB464E69F}.Debug|iPhone.Build.0 = Debug|Any CPU
		{291BBDC0-524B-472E-8065-8F2AB464E69F}.Debug|iPhoneSimulator.ActiveCfg = Debug|Any CPU
		{291BBDC0-524B-472E-8065-8F2AB464E69F}.Debug|iPhoneSimulator.Build.0 = Debug|Any CPU
		{291BBDC0-524B-472E-8065-8F2AB464E69F}.Debug|x64.ActiveCfg = Debug|Any CPU
		{291BBDC0-524B-472E-8065-8F2AB464E69F}.Debug|x64.Build.0 = Debug|Any CPU
		{291BBDC0-524B-472E-8065-8F2AB464E69F}.Debug|x86.ActiveCfg = Debug|Any CPU
		{291BBDC0-524B-472E-8065-8F2AB464E69F}.Debug|x86.Build.0 = Debug|Any CPU
		{291BBDC0-524B-472E-8065-8F2AB464E69F}.Release|Any CPU.ActiveCfg = Release|Any CPU
		{291BBDC0-524B-472E-8065-8F2AB464E69F}.Release|Any CPU.Build.0 = Release|Any CPU
		{291BBDC0-524B-472E-8065-8F2AB464E69F}.Release|ARM.ActiveCfg = Release|Any CPU
		{291BBDC0-524B-472E-8065-8F2AB464E69F}.Release|ARM.Build.0 = Release|Any CPU
		{291BBDC0-524B-472E-8065-8F2AB464E69F}.Release|iPhone.ActiveCfg = Release|Any CPU
		{291BBDC0-524B-472E-8065-8F2AB464E69F}.Release|iPhone.Build.0 = Release|Any CPU
		{291BBDC0-524B-472E-8065-8F2AB464E69F}.Release|iPhoneSimulator.ActiveCfg = Release|Any CPU
		{291BBDC0-524B-472E-8065-8F2AB464E69F}.Release|iPhoneSimulator.Build.0 = Release|Any CPU
		{291BBDC0-524B-472E-8065-8F2AB464E69F}.Release|x64.ActiveCfg = Release|Any CPU
		{291BBDC0-524B-472E-8065-8F2AB464E69F}.Release|x64.Build.0 = Release|Any CPU
		{291BBDC0-524B-472E-8065-8F2AB464E69F}.Release|x86.ActiveCfg = Release|Any CPU
		{291BBDC0-524B-472E-8065-8F2AB464E69F}.Release|x86.Build.0 = Release|Any CPU
		{5045E231-72E2-4F1D-8CDE-B7EFA96E8B70}.Ad-Hoc|Any CPU.ActiveCfg = Release|Any CPU
		{5045E231-72E2-4F1D-8CDE-B7EFA96E8B70}.Ad-Hoc|Any CPU.Build.0 = Release|Any CPU
		{5045E231-72E2-4F1D-8CDE-B7EFA96E8B70}.Ad-Hoc|Any CPU.Deploy.0 = Release|Any CPU
		{5045E231-72E2-4F1D-8CDE-B7EFA96E8B70}.Ad-Hoc|ARM.ActiveCfg = Release|Any CPU
		{5045E231-72E2-4F1D-8CDE-B7EFA96E8B70}.Ad-Hoc|ARM.Build.0 = Release|Any CPU
		{5045E231-72E2-4F1D-8CDE-B7EFA96E8B70}.Ad-Hoc|ARM.Deploy.0 = Release|Any CPU
		{5045E231-72E2-4F1D-8CDE-B7EFA96E8B70}.Ad-Hoc|iPhone.ActiveCfg = Release|Any CPU
		{5045E231-72E2-4F1D-8CDE-B7EFA96E8B70}.Ad-Hoc|iPhone.Build.0 = Release|Any CPU
		{5045E231-72E2-4F1D-8CDE-B7EFA96E8B70}.Ad-Hoc|iPhone.Deploy.0 = Release|Any CPU
		{5045E231-72E2-4F1D-8CDE-B7EFA96E8B70}.Ad-Hoc|iPhoneSimulator.ActiveCfg = Release|Any CPU
		{5045E231-72E2-4F1D-8CDE-B7EFA96E8B70}.Ad-Hoc|iPhoneSimulator.Build.0 = Release|Any CPU
		{5045E231-72E2-4F1D-8CDE-B7EFA96E8B70}.Ad-Hoc|iPhoneSimulator.Deploy.0 = Release|Any CPU
		{5045E231-72E2-4F1D-8CDE-B7EFA96E8B70}.Ad-Hoc|x64.ActiveCfg = Release|Any CPU
		{5045E231-72E2-4F1D-8CDE-B7EFA96E8B70}.Ad-Hoc|x64.Build.0 = Release|Any CPU
		{5045E231-72E2-4F1D-8CDE-B7EFA96E8B70}.Ad-Hoc|x64.Deploy.0 = Release|Any CPU
		{5045E231-72E2-4F1D-8CDE-B7EFA96E8B70}.Ad-Hoc|x86.ActiveCfg = Release|Any CPU
		{5045E231-72E2-4F1D-8CDE-B7EFA96E8B70}.Ad-Hoc|x86.Build.0 = Release|Any CPU
		{5045E231-72E2-4F1D-8CDE-B7EFA96E8B70}.Ad-Hoc|x86.Deploy.0 = Release|Any CPU
		{5045E231-72E2-4F1D-8CDE-B7EFA96E8B70}.AppStore|Any CPU.ActiveCfg = Release|Any CPU
		{5045E231-72E2-4F1D-8CDE-B7EFA96E8B70}.AppStore|Any CPU.Build.0 = Release|Any CPU
		{5045E231-72E2-4F1D-8CDE-B7EFA96E8B70}.AppStore|Any CPU.Deploy.0 = Release|Any CPU
		{5045E231-72E2-4F1D-8CDE-B7EFA96E8B70}.AppStore|ARM.ActiveCfg = Release|Any CPU
		{5045E231-72E2-4F1D-8CDE-B7EFA96E8B70}.AppStore|ARM.Build.0 = Release|Any CPU
		{5045E231-72E2-4F1D-8CDE-B7EFA96E8B70}.AppStore|ARM.Deploy.0 = Release|Any CPU
		{5045E231-72E2-4F1D-8CDE-B7EFA96E8B70}.AppStore|iPhone.ActiveCfg = Release|Any CPU
		{5045E231-72E2-4F1D-8CDE-B7EFA96E8B70}.AppStore|iPhone.Build.0 = Release|Any CPU
		{5045E231-72E2-4F1D-8CDE-B7EFA96E8B70}.AppStore|iPhone.Deploy.0 = Release|Any CPU
		{5045E231-72E2-4F1D-8CDE-B7EFA96E8B70}.AppStore|iPhoneSimulator.ActiveCfg = Release|Any CPU
		{5045E231-72E2-4F1D-8CDE-B7EFA96E8B70}.AppStore|iPhoneSimulator.Build.0 = Release|Any CPU
		{5045E231-72E2-4F1D-8CDE-B7EFA96E8B70}.AppStore|iPhoneSimulator.Deploy.0 = Release|Any CPU
		{5045E231-72E2-4F1D-8CDE-B7EFA96E8B70}.AppStore|x64.ActiveCfg = Release|Any CPU
		{5045E231-72E2-4F1D-8CDE-B7EFA96E8B70}.AppStore|x64.Build.0 = Release|Any CPU
		{5045E231-72E2-4F1D-8CDE-B7EFA96E8B70}.AppStore|x64.Deploy.0 = Release|Any CPU
		{5045E231-72E2-4F1D-8CDE-B7EFA96E8B70}.AppStore|x86.ActiveCfg = Release|Any CPU
		{5045E231-72E2-4F1D-8CDE-B7EFA96E8B70}.AppStore|x86.Build.0 = Release|Any CPU
		{5045E231-72E2-4F1D-8CDE-B7EFA96E8B70}.AppStore|x86.Deploy.0 = Release|Any CPU
		{5045E231-72E2-4F1D-8CDE-B7EFA96E8B70}.Debug|Any CPU.ActiveCfg = Debug|Any CPU
		{5045E231-72E2-4F1D-8CDE-B7EFA96E8B70}.Debug|Any CPU.Build.0 = Debug|Any CPU
		{5045E231-72E2-4F1D-8CDE-B7EFA96E8B70}.Debug|Any CPU.Deploy.0 = Debug|Any CPU
		{5045E231-72E2-4F1D-8CDE-B7EFA96E8B70}.Debug|ARM.ActiveCfg = Debug|Any CPU
		{5045E231-72E2-4F1D-8CDE-B7EFA96E8B70}.Debug|ARM.Build.0 = Debug|Any CPU
		{5045E231-72E2-4F1D-8CDE-B7EFA96E8B70}.Debug|ARM.Deploy.0 = Debug|Any CPU
		{5045E231-72E2-4F1D-8CDE-B7EFA96E8B70}.Debug|iPhone.ActiveCfg = Debug|Any CPU
		{5045E231-72E2-4F1D-8CDE-B7EFA96E8B70}.Debug|iPhone.Build.0 = Debug|Any CPU
		{5045E231-72E2-4F1D-8CDE-B7EFA96E8B70}.Debug|iPhone.Deploy.0 = Debug|Any CPU
		{5045E231-72E2-4F1D-8CDE-B7EFA96E8B70}.Debug|iPhoneSimulator.ActiveCfg = Debug|Any CPU
		{5045E231-72E2-4F1D-8CDE-B7EFA96E8B70}.Debug|iPhoneSimulator.Build.0 = Debug|Any CPU
		{5045E231-72E2-4F1D-8CDE-B7EFA96E8B70}.Debug|iPhoneSimulator.Deploy.0 = Debug|Any CPU
		{5045E231-72E2-4F1D-8CDE-B7EFA96E8B70}.Debug|x64.ActiveCfg = Debug|Any CPU
		{5045E231-72E2-4F1D-8CDE-B7EFA96E8B70}.Debug|x64.Build.0 = Debug|Any CPU
		{5045E231-72E2-4F1D-8CDE-B7EFA96E8B70}.Debug|x64.Deploy.0 = Debug|Any CPU
		{5045E231-72E2-4F1D-8CDE-B7EFA96E8B70}.Debug|x86.ActiveCfg = Debug|Any CPU
		{5045E231-72E2-4F1D-8CDE-B7EFA96E8B70}.Debug|x86.Build.0 = Debug|Any CPU
		{5045E231-72E2-4F1D-8CDE-B7EFA96E8B70}.Debug|x86.Deploy.0 = Debug|Any CPU
		{5045E231-72E2-4F1D-8CDE-B7EFA96E8B70}.Release|Any CPU.ActiveCfg = Release|Any CPU
		{5045E231-72E2-4F1D-8CDE-B7EFA96E8B70}.Release|Any CPU.Build.0 = Release|Any CPU
		{5045E231-72E2-4F1D-8CDE-B7EFA96E8B70}.Release|Any CPU.Deploy.0 = Release|Any CPU
		{5045E231-72E2-4F1D-8CDE-B7EFA96E8B70}.Release|ARM.ActiveCfg = Release|Any CPU
		{5045E231-72E2-4F1D-8CDE-B7EFA96E8B70}.Release|ARM.Build.0 = Release|Any CPU
		{5045E231-72E2-4F1D-8CDE-B7EFA96E8B70}.Release|ARM.Deploy.0 = Release|Any CPU
		{5045E231-72E2-4F1D-8CDE-B7EFA96E8B70}.Release|iPhone.ActiveCfg = Release|Any CPU
		{5045E231-72E2-4F1D-8CDE-B7EFA96E8B70}.Release|iPhone.Build.0 = Release|Any CPU
		{5045E231-72E2-4F1D-8CDE-B7EFA96E8B70}.Release|iPhone.Deploy.0 = Release|Any CPU
		{5045E231-72E2-4F1D-8CDE-B7EFA96E8B70}.Release|iPhoneSimulator.ActiveCfg = Release|Any CPU
		{5045E231-72E2-4F1D-8CDE-B7EFA96E8B70}.Release|iPhoneSimulator.Build.0 = Release|Any CPU
		{5045E231-72E2-4F1D-8CDE-B7EFA96E8B70}.Release|iPhoneSimulator.Deploy.0 = Release|Any CPU
		{5045E231-72E2-4F1D-8CDE-B7EFA96E8B70}.Release|x64.ActiveCfg = Release|Any CPU
		{5045E231-72E2-4F1D-8CDE-B7EFA96E8B70}.Release|x64.Build.0 = Release|Any CPU
		{5045E231-72E2-4F1D-8CDE-B7EFA96E8B70}.Release|x64.Deploy.0 = Release|Any CPU
		{5045E231-72E2-4F1D-8CDE-B7EFA96E8B70}.Release|x86.ActiveCfg = Release|Any CPU
		{5045E231-72E2-4F1D-8CDE-B7EFA96E8B70}.Release|x86.Build.0 = Release|Any CPU
		{5045E231-72E2-4F1D-8CDE-B7EFA96E8B70}.Release|x86.Deploy.0 = Release|Any CPU
		{907C46F3-627E-4446-B141-A6D86DF917DD}.Ad-Hoc|Any CPU.ActiveCfg = Ad-Hoc|iPhone
		{907C46F3-627E-4446-B141-A6D86DF917DD}.Ad-Hoc|ARM.ActiveCfg = Ad-Hoc|iPhone
		{907C46F3-627E-4446-B141-A6D86DF917DD}.Ad-Hoc|iPhone.ActiveCfg = Ad-Hoc|iPhone
		{907C46F3-627E-4446-B141-A6D86DF917DD}.Ad-Hoc|iPhone.Build.0 = Ad-Hoc|iPhone
		{907C46F3-627E-4446-B141-A6D86DF917DD}.Ad-Hoc|iPhoneSimulator.ActiveCfg = Ad-Hoc|iPhoneSimulator
		{907C46F3-627E-4446-B141-A6D86DF917DD}.Ad-Hoc|iPhoneSimulator.Build.0 = Ad-Hoc|iPhoneSimulator
		{907C46F3-627E-4446-B141-A6D86DF917DD}.Ad-Hoc|x64.ActiveCfg = Ad-Hoc|iPhone
		{907C46F3-627E-4446-B141-A6D86DF917DD}.Ad-Hoc|x86.ActiveCfg = Ad-Hoc|iPhone
		{907C46F3-627E-4446-B141-A6D86DF917DD}.AppStore|Any CPU.ActiveCfg = AppStore|iPhone
		{907C46F3-627E-4446-B141-A6D86DF917DD}.AppStore|ARM.ActiveCfg = AppStore|iPhone
		{907C46F3-627E-4446-B141-A6D86DF917DD}.AppStore|iPhone.ActiveCfg = AppStore|iPhone
		{907C46F3-627E-4446-B141-A6D86DF917DD}.AppStore|iPhone.Build.0 = AppStore|iPhone
		{907C46F3-627E-4446-B141-A6D86DF917DD}.AppStore|iPhoneSimulator.ActiveCfg = AppStore|iPhoneSimulator
		{907C46F3-627E-4446-B141-A6D86DF917DD}.AppStore|iPhoneSimulator.Build.0 = AppStore|iPhoneSimulator
		{907C46F3-627E-4446-B141-A6D86DF917DD}.AppStore|x64.ActiveCfg = AppStore|iPhone
		{907C46F3-627E-4446-B141-A6D86DF917DD}.AppStore|x86.ActiveCfg = AppStore|iPhone
		{907C46F3-627E-4446-B141-A6D86DF917DD}.Debug|Any CPU.ActiveCfg = Debug|iPhone
		{907C46F3-627E-4446-B141-A6D86DF917DD}.Debug|ARM.ActiveCfg = Debug|iPhone
		{907C46F3-627E-4446-B141-A6D86DF917DD}.Debug|iPhone.ActiveCfg = Debug|iPhone
		{907C46F3-627E-4446-B141-A6D86DF917DD}.Debug|iPhone.Build.0 = Debug|iPhone
		{907C46F3-627E-4446-B141-A6D86DF917DD}.Debug|iPhoneSimulator.ActiveCfg = Debug|iPhoneSimulator
		{907C46F3-627E-4446-B141-A6D86DF917DD}.Debug|iPhoneSimulator.Build.0 = Debug|iPhoneSimulator
		{907C46F3-627E-4446-B141-A6D86DF917DD}.Debug|x64.ActiveCfg = Debug|iPhone
		{907C46F3-627E-4446-B141-A6D86DF917DD}.Debug|x86.ActiveCfg = Debug|iPhone
		{907C46F3-627E-4446-B141-A6D86DF917DD}.Release|Any CPU.ActiveCfg = Release|iPhone
		{907C46F3-627E-4446-B141-A6D86DF917DD}.Release|ARM.ActiveCfg = Release|iPhone
		{907C46F3-627E-4446-B141-A6D86DF917DD}.Release|iPhone.ActiveCfg = Release|iPhone
		{907C46F3-627E-4446-B141-A6D86DF917DD}.Release|iPhone.Build.0 = Release|iPhone
		{907C46F3-627E-4446-B141-A6D86DF917DD}.Release|iPhoneSimulator.ActiveCfg = Release|iPhoneSimulator
		{907C46F3-627E-4446-B141-A6D86DF917DD}.Release|iPhoneSimulator.Build.0 = Release|iPhoneSimulator
		{907C46F3-627E-4446-B141-A6D86DF917DD}.Release|x64.ActiveCfg = Release|iPhone
		{907C46F3-627E-4446-B141-A6D86DF917DD}.Release|x86.ActiveCfg = Release|iPhone
		{79A1C419-F2D2-4847-B004-5C5382462E7C}.Ad-Hoc|Any CPU.ActiveCfg = Release|x86
		{79A1C419-F2D2-4847-B004-5C5382462E7C}.Ad-Hoc|Any CPU.Build.0 = Release|x86
		{79A1C419-F2D2-4847-B004-5C5382462E7C}.Ad-Hoc|Any CPU.Deploy.0 = Release|x86
		{79A1C419-F2D2-4847-B004-5C5382462E7C}.Ad-Hoc|ARM.ActiveCfg = Release|ARM
		{79A1C419-F2D2-4847-B004-5C5382462E7C}.Ad-Hoc|ARM.Build.0 = Release|ARM
		{79A1C419-F2D2-4847-B004-5C5382462E7C}.Ad-Hoc|ARM.Deploy.0 = Release|ARM
		{79A1C419-F2D2-4847-B004-5C5382462E7C}.Ad-Hoc|iPhone.ActiveCfg = Release|x86
		{79A1C419-F2D2-4847-B004-5C5382462E7C}.Ad-Hoc|iPhone.Build.0 = Release|x86
		{79A1C419-F2D2-4847-B004-5C5382462E7C}.Ad-Hoc|iPhone.Deploy.0 = Release|x86
		{79A1C419-F2D2-4847-B004-5C5382462E7C}.Ad-Hoc|iPhoneSimulator.ActiveCfg = Release|x86
		{79A1C419-F2D2-4847-B004-5C5382462E7C}.Ad-Hoc|iPhoneSimulator.Build.0 = Release|x86
		{79A1C419-F2D2-4847-B004-5C5382462E7C}.Ad-Hoc|iPhoneSimulator.Deploy.0 = Release|x86
		{79A1C419-F2D2-4847-B004-5C5382462E7C}.Ad-Hoc|x64.ActiveCfg = Release|x64
		{79A1C419-F2D2-4847-B004-5C5382462E7C}.Ad-Hoc|x64.Build.0 = Release|x64
		{79A1C419-F2D2-4847-B004-5C5382462E7C}.Ad-Hoc|x64.Deploy.0 = Release|x64
		{79A1C419-F2D2-4847-B004-5C5382462E7C}.Ad-Hoc|x86.ActiveCfg = Release|x86
		{79A1C419-F2D2-4847-B004-5C5382462E7C}.Ad-Hoc|x86.Build.0 = Release|x86
		{79A1C419-F2D2-4847-B004-5C5382462E7C}.Ad-Hoc|x86.Deploy.0 = Release|x86
		{79A1C419-F2D2-4847-B004-5C5382462E7C}.AppStore|Any CPU.ActiveCfg = Release|x86
		{79A1C419-F2D2-4847-B004-5C5382462E7C}.AppStore|Any CPU.Build.0 = Release|x86
		{79A1C419-F2D2-4847-B004-5C5382462E7C}.AppStore|Any CPU.Deploy.0 = Release|x86
		{79A1C419-F2D2-4847-B004-5C5382462E7C}.AppStore|ARM.ActiveCfg = Release|ARM
		{79A1C419-F2D2-4847-B004-5C5382462E7C}.AppStore|ARM.Build.0 = Release|ARM
		{79A1C419-F2D2-4847-B004-5C5382462E7C}.AppStore|ARM.Deploy.0 = Release|ARM
		{79A1C419-F2D2-4847-B004-5C5382462E7C}.AppStore|iPhone.ActiveCfg = Release|x86
		{79A1C419-F2D2-4847-B004-5C5382462E7C}.AppStore|iPhone.Build.0 = Release|x86
		{79A1C419-F2D2-4847-B004-5C5382462E7C}.AppStore|iPhone.Deploy.0 = Release|x86
		{79A1C419-F2D2-4847-B004-5C5382462E7C}.AppStore|iPhoneSimulator.ActiveCfg = Release|x86
		{79A1C419-F2D2-4847-B004-5C5382462E7C}.AppStore|iPhoneSimulator.Build.0 = Release|x86
		{79A1C419-F2D2-4847-B004-5C5382462E7C}.AppStore|iPhoneSimulator.Deploy.0 = Release|x86
		{79A1C419-F2D2-4847-B004-5C5382462E7C}.AppStore|x64.ActiveCfg = Release|x64
		{79A1C419-F2D2-4847-B004-5C5382462E7C}.AppStore|x64.Build.0 = Release|x64
		{79A1C419-F2D2-4847-B004-5C5382462E7C}.AppStore|x64.Deploy.0 = Release|x64
		{79A1C419-F2D2-4847-B004-5C5382462E7C}.AppStore|x86.ActiveCfg = Release|x86
		{79A1C419-F2D2-4847-B004-5C5382462E7C}.AppStore|x86.Build.0 = Release|x86
		{79A1C419-F2D2-4847-B004-5C5382462E7C}.AppStore|x86.Deploy.0 = Release|x86
		{79A1C419-F2D2-4847-B004-5C5382462E7C}.Debug|Any CPU.ActiveCfg = Debug|x86
		{79A1C419-F2D2-4847-B004-5C5382462E7C}.Debug|ARM.ActiveCfg = Debug|ARM
		{79A1C419-F2D2-4847-B004-5C5382462E7C}.Debug|ARM.Build.0 = Debug|ARM
		{79A1C419-F2D2-4847-B004-5C5382462E7C}.Debug|ARM.Deploy.0 = Debug|ARM
		{79A1C419-F2D2-4847-B004-5C5382462E7C}.Debug|iPhone.ActiveCfg = Debug|x86
		{79A1C419-F2D2-4847-B004-5C5382462E7C}.Debug|iPhoneSimulator.ActiveCfg = Debug|x86
		{79A1C419-F2D2-4847-B004-5C5382462E7C}.Debug|x64.ActiveCfg = Debug|x64
		{79A1C419-F2D2-4847-B004-5C5382462E7C}.Debug|x64.Build.0 = Debug|x64
		{79A1C419-F2D2-4847-B004-5C5382462E7C}.Debug|x64.Deploy.0 = Debug|x64
		{79A1C419-F2D2-4847-B004-5C5382462E7C}.Debug|x86.ActiveCfg = Debug|x86
		{79A1C419-F2D2-4847-B004-5C5382462E7C}.Debug|x86.Build.0 = Debug|x86
		{79A1C419-F2D2-4847-B004-5C5382462E7C}.Debug|x86.Deploy.0 = Debug|x86
		{79A1C419-F2D2-4847-B004-5C5382462E7C}.Release|Any CPU.ActiveCfg = Release|x86
		{79A1C419-F2D2-4847-B004-5C5382462E7C}.Release|ARM.ActiveCfg = Release|ARM
		{79A1C419-F2D2-4847-B004-5C5382462E7C}.Release|ARM.Build.0 = Release|ARM
		{79A1C419-F2D2-4847-B004-5C5382462E7C}.Release|ARM.Deploy.0 = Release|ARM
		{79A1C419-F2D2-4847-B004-5C5382462E7C}.Release|iPhone.ActiveCfg = Release|x86
		{79A1C419-F2D2-4847-B004-5C5382462E7C}.Release|iPhoneSimulator.ActiveCfg = Release|x86
		{79A1C419-F2D2-4847-B004-5C5382462E7C}.Release|x64.ActiveCfg = Release|x64
		{79A1C419-F2D2-4847-B004-5C5382462E7C}.Release|x64.Build.0 = Release|x64
		{79A1C419-F2D2-4847-B004-5C5382462E7C}.Release|x64.Deploy.0 = Release|x64
		{79A1C419-F2D2-4847-B004-5C5382462E7C}.Release|x86.ActiveCfg = Release|x86
		{79A1C419-F2D2-4847-B004-5C5382462E7C}.Release|x86.Build.0 = Release|x86
		{79A1C419-F2D2-4847-B004-5C5382462E7C}.Release|x86.Deploy.0 = Release|x86
		{72843BEC-3FCF-4803-B56C-3D732F1CD703}.Ad-Hoc|Any CPU.ActiveCfg = Debug|Any CPU
		{72843BEC-3FCF-4803-B56C-3D732F1CD703}.Ad-Hoc|Any CPU.Build.0 = Debug|Any CPU
		{72843BEC-3FCF-4803-B56C-3D732F1CD703}.Ad-Hoc|ARM.ActiveCfg = Debug|Any CPU
		{72843BEC-3FCF-4803-B56C-3D732F1CD703}.Ad-Hoc|ARM.Build.0 = Debug|Any CPU
		{72843BEC-3FCF-4803-B56C-3D732F1CD703}.Ad-Hoc|iPhone.ActiveCfg = Debug|Any CPU
		{72843BEC-3FCF-4803-B56C-3D732F1CD703}.Ad-Hoc|iPhone.Build.0 = Debug|Any CPU
		{72843BEC-3FCF-4803-B56C-3D732F1CD703}.Ad-Hoc|iPhoneSimulator.ActiveCfg = Debug|Any CPU
		{72843BEC-3FCF-4803-B56C-3D732F1CD703}.Ad-Hoc|iPhoneSimulator.Build.0 = Debug|Any CPU
		{72843BEC-3FCF-4803-B56C-3D732F1CD703}.Ad-Hoc|x64.ActiveCfg = Debug|Any CPU
		{72843BEC-3FCF-4803-B56C-3D732F1CD703}.Ad-Hoc|x64.Build.0 = Debug|Any CPU
		{72843BEC-3FCF-4803-B56C-3D732F1CD703}.Ad-Hoc|x86.ActiveCfg = Debug|Any CPU
		{72843BEC-3FCF-4803-B56C-3D732F1CD703}.Ad-Hoc|x86.Build.0 = Debug|Any CPU
		{72843BEC-3FCF-4803-B56C-3D732F1CD703}.AppStore|Any CPU.ActiveCfg = Debug|Any CPU
		{72843BEC-3FCF-4803-B56C-3D732F1CD703}.AppStore|Any CPU.Build.0 = Debug|Any CPU
		{72843BEC-3FCF-4803-B56C-3D732F1CD703}.AppStore|ARM.ActiveCfg = Debug|Any CPU
		{72843BEC-3FCF-4803-B56C-3D732F1CD703}.AppStore|ARM.Build.0 = Debug|Any CPU
		{72843BEC-3FCF-4803-B56C-3D732F1CD703}.AppStore|iPhone.ActiveCfg = Debug|Any CPU
		{72843BEC-3FCF-4803-B56C-3D732F1CD703}.AppStore|iPhone.Build.0 = Debug|Any CPU
		{72843BEC-3FCF-4803-B56C-3D732F1CD703}.AppStore|iPhoneSimulator.ActiveCfg = Debug|Any CPU
		{72843BEC-3FCF-4803-B56C-3D732F1CD703}.AppStore|iPhoneSimulator.Build.0 = Debug|Any CPU
		{72843BEC-3FCF-4803-B56C-3D732F1CD703}.AppStore|x64.ActiveCfg = Debug|Any CPU
		{72843BEC-3FCF-4803-B56C-3D732F1CD703}.AppStore|x64.Build.0 = Debug|Any CPU
		{72843BEC-3FCF-4803-B56C-3D732F1CD703}.AppStore|x86.ActiveCfg = Debug|Any CPU
		{72843BEC-3FCF-4803-B56C-3D732F1CD703}.AppStore|x86.Build.0 = Debug|Any CPU
		{72843BEC-3FCF-4803-B56C-3D732F1CD703}.Debug|Any CPU.ActiveCfg = Debug|Any CPU
		{72843BEC-3FCF-4803-B56C-3D732F1CD703}.Debug|Any CPU.Build.0 = Debug|Any CPU
		{72843BEC-3FCF-4803-B56C-3D732F1CD703}.Debug|ARM.ActiveCfg = Debug|Any CPU
		{72843BEC-3FCF-4803-B56C-3D732F1CD703}.Debug|ARM.Build.0 = Debug|Any CPU
		{72843BEC-3FCF-4803-B56C-3D732F1CD703}.Debug|iPhone.ActiveCfg = Debug|Any CPU
		{72843BEC-3FCF-4803-B56C-3D732F1CD703}.Debug|iPhone.Build.0 = Debug|Any CPU
		{72843BEC-3FCF-4803-B56C-3D732F1CD703}.Debug|iPhoneSimulator.ActiveCfg = Debug|Any CPU
		{72843BEC-3FCF-4803-B56C-3D732F1CD703}.Debug|iPhoneSimulator.Build.0 = Debug|Any CPU
		{72843BEC-3FCF-4803-B56C-3D732F1CD703}.Debug|x64.ActiveCfg = Debug|Any CPU
		{72843BEC-3FCF-4803-B56C-3D732F1CD703}.Debug|x64.Build.0 = Debug|Any CPU
		{72843BEC-3FCF-4803-B56C-3D732F1CD703}.Debug|x86.ActiveCfg = Debug|Any CPU
		{72843BEC-3FCF-4803-B56C-3D732F1CD703}.Debug|x86.Build.0 = Debug|Any CPU
		{72843BEC-3FCF-4803-B56C-3D732F1CD703}.Release|Any CPU.ActiveCfg = Release|Any CPU
		{72843BEC-3FCF-4803-B56C-3D732F1CD703}.Release|Any CPU.Build.0 = Release|Any CPU
		{72843BEC-3FCF-4803-B56C-3D732F1CD703}.Release|ARM.ActiveCfg = Release|Any CPU
		{72843BEC-3FCF-4803-B56C-3D732F1CD703}.Release|ARM.Build.0 = Release|Any CPU
		{72843BEC-3FCF-4803-B56C-3D732F1CD703}.Release|iPhone.ActiveCfg = Release|Any CPU
		{72843BEC-3FCF-4803-B56C-3D732F1CD703}.Release|iPhone.Build.0 = Release|Any CPU
		{72843BEC-3FCF-4803-B56C-3D732F1CD703}.Release|iPhoneSimulator.ActiveCfg = Release|Any CPU
		{72843BEC-3FCF-4803-B56C-3D732F1CD703}.Release|iPhoneSimulator.Build.0 = Release|Any CPU
		{72843BEC-3FCF-4803-B56C-3D732F1CD703}.Release|x64.ActiveCfg = Release|Any CPU
		{72843BEC-3FCF-4803-B56C-3D732F1CD703}.Release|x64.Build.0 = Release|Any CPU
		{72843BEC-3FCF-4803-B56C-3D732F1CD703}.Release|x86.ActiveCfg = Release|Any CPU
		{72843BEC-3FCF-4803-B56C-3D732F1CD703}.Release|x86.Build.0 = Release|Any CPU
	EndGlobalSection
	GlobalSection(SolutionProperties) = preSolution
		HideSolutionNode = FALSE
	EndGlobalSection
	GlobalSection(ExtensibilityGlobals) = postSolution
		SolutionGuid = {E54FB2FA-1645-4CA6-B790-A80B598E65C8}
	EndGlobalSection
EndGlobal
